
Microsoft Visual Studio Solution File, Format Version 12.00
# Visual Studio Version 16
VisualStudioVersion = 16.0.30406.217
MinimumVisualStudioVersion = 15.0.26124.0
Project("{FAE04EC0-301F-11D3-BF4B-00C04F79EFBC}") = "DomainService.ClientMVC", "DomainService.ClientMVC\DomainService.ClientMVC.csproj", "{893FF1D8-656C-4E32-8913-558D42D54FAE}"
EndProject
Project("{FAE04EC0-301F-11D3-BF4B-00C04F79EFBC}") = "DomainService.Storing", "DomainService.Storing\DomainService.Storing.csproj", "{C5D73724-5AAD-40C3-987B-FC3A785E966F}"
EndProject
Project("{FAE04EC0-301F-11D3-BF4B-00C04F79EFBC}") = "DomainService.Domain", "DomainService.Domain\DomainService.Domain.csproj", "{C16FCF25-A28B-4006-B37D-40DCF40253C3}"
EndProject
Project("{FAE04EC0-301F-11D3-BF4B-00C04F79EFBC}") = "DomainService.Testing", "DomainService.Testing\DomainService.Testing.csproj", "{0FBF1734-26BE-4B13-AA4B-90AEFFB8FB44}"
EndProject
Global
	GlobalSection(SolutionConfigurationPlatforms) = preSolution
		Debug|Any CPU = Debug|Any CPU
		Debug|x64 = Debug|x64
		Debug|x86 = Debug|x86
		Release|Any CPU = Release|Any CPU
		Release|x64 = Release|x64
		Release|x86 = Release|x86
	EndGlobalSection
	GlobalSection(ProjectConfigurationPlatforms) = postSolution
		{893FF1D8-656C-4E32-8913-558D42D54FAE}.Debug|Any CPU.ActiveCfg = Debug|Any CPU
		{893FF1D8-656C-4E32-8913-558D42D54FAE}.Debug|Any CPU.Build.0 = Debug|Any CPU
		{893FF1D8-656C-4E32-8913-558D42D54FAE}.Debug|x64.ActiveCfg = Debug|Any CPU
		{893FF1D8-656C-4E32-8913-558D42D54FAE}.Debug|x64.Build.0 = Debug|Any CPU
		{893FF1D8-656C-4E32-8913-558D42D54FAE}.Debug|x86.ActiveCfg = Debug|Any CPU
		{893FF1D8-656C-4E32-8913-558D42D54FAE}.Debug|x86.Build.0 = Debug|Any CPU
		{893FF1D8-656C-4E32-8913-558D42D54FAE}.Release|Any CPU.ActiveCfg = Release|Any CPU
		{893FF1D8-656C-4E32-8913-558D42D54FAE}.Release|Any CPU.Build.0 = Release|Any CPU
		{893FF1D8-656C-4E32-8913-558D42D54FAE}.Release|x64.ActiveCfg = Release|Any CPU
		{893FF1D8-656C-4E32-8913-558D42D54FAE}.Release|x64.Build.0 = Release|Any CPU
		{893FF1D8-656C-4E32-8913-558D42D54FAE}.Release|x86.ActiveCfg = Release|Any CPU
		{893FF1D8-656C-4E32-8913-558D42D54FAE}.Release|x86.Build.0 = Release|Any CPU
		{C5D73724-5AAD-40C3-987B-FC3A785E966F}.Debug|Any CPU.ActiveCfg = Debug|Any CPU
		{C5D73724-5AAD-40C3-987B-FC3A785E966F}.Debug|Any CPU.Build.0 = Debug|Any CPU
		{C5D73724-5AAD-40C3-987B-FC3A785E966F}.Debug|x64.ActiveCfg = Debug|Any CPU
		{C5D73724-5AAD-40C3-987B-FC3A785E966F}.Debug|x64.Build.0 = Debug|Any CPU
		{C5D73724-5AAD-40C3-987B-FC3A785E966F}.Debug|x86.ActiveCfg = Debug|Any CPU
		{C5D73724-5AAD-40C3-987B-FC3A785E966F}.Debug|x86.Build.0 = Debug|Any CPU
		{C5D73724-5AAD-40C3-987B-FC3A785E966F}.Release|Any CPU.ActiveCfg = Release|Any CPU
		{C5D73724-5AAD-40C3-987B-FC3A785E966F}.Release|Any CPU.Build.0 = Release|Any CPU
		{C5D73724-5AAD-40C3-987B-FC3A785E966F}.Release|x64.ActiveCfg = Release|Any CPU
		{C5D73724-5AAD-40C3-987B-FC3A785E966F}.Release|x64.Build.0 = Release|Any CPU
		{C5D73724-5AAD-40C3-987B-FC3A785E966F}.Release|x86.ActiveCfg = Release|Any CPU
		{C5D73724-5AAD-40C3-987B-FC3A785E966F}.Release|x86.Build.0 = Release|Any CPU
		{C16FCF25-A28B-4006-B37D-40DCF40253C3}.Debug|Any CPU.ActiveCfg = Debug|Any CPU
		{C16FCF25-A28B-4006-B37D-40DCF40253C3}.Debug|Any CPU.Build.0 = Debug|Any CPU
		{C16FCF25-A28B-4006-B37D-40DCF40253C3}.Debug|x64.ActiveCfg = Debug|Any CPU
		{C16FCF25-A28B-4006-B37D-40DCF40253C3}.Debug|x64.Build.0 = Debug|Any CPU
		{C16FCF25-A28B-4006-B37D-40DCF40253C3}.Debug|x86.ActiveCfg = Debug|Any CPU
		{C16FCF25-A28B-4006-B37D-40DCF40253C3}.Debug|x86.Build.0 = Debug|Any CPU
		{C16FCF25-A28B-4006-B37D-40DCF40253C3}.Release|Any CPU.ActiveCfg = Release|Any CPU
		{C16FCF25-A28B-4006-B37D-40DCF40253C3}.Release|Any CPU.Build.0 = Release|Any CPU
		{C16FCF25-A28B-4006-B37D-40DCF40253C3}.Release|x64.ActiveCfg = Release|Any CPU
		{C16FCF25-A28B-4006-B37D-40DCF40253C3}.Release|x64.Build.0 = Release|Any CPU
		{C16FCF25-A28B-4006-B37D-40DCF40253C3}.Release|x86.ActiveCfg = Release|Any CPU
		{C16FCF25-A28B-4006-B37D-40DCF40253C3}.Release|x86.Build.0 = Release|Any CPU
		{0FBF1734-26BE-4B13-AA4B-90AEFFB8FB44}.Debug|Any CPU.ActiveCfg = Debug|Any CPU
		{0FBF1734-26BE-4B13-AA4B-90AEFFB8FB44}.Debug|Any CPU.Build.0 = Debug|Any CPU
		{0FBF1734-26BE-4B13-AA4B-90AEFFB8FB44}.Debug|x64.ActiveCfg = Debug|Any CPU
		{0FBF1734-26BE-4B13-AA4B-90AEFFB8FB44}.Debug|x64.Build.0 = Debug|Any CPU
		{0FBF1734-26BE-4B13-AA4B-90AEFFB8FB44}.Debug|x86.ActiveCfg = Debug|Any CPU
		{0FBF1734-26BE-4B13-AA4B-90AEFFB8FB44}.Debug|x86.Build.0 = Debug|Any CPU
		{0FBF1734-26BE-4B13-AA4B-90AEFFB8FB44}.Release|Any CPU.ActiveCfg = Release|Any CPU
		{0FBF1734-26BE-4B13-AA4B-90AEFFB8FB44}.Release|Any CPU.Build.0 = Release|Any CPU
		{0FBF1734-26BE-4B13-AA4B-90AEFFB8FB44}.Release|x64.ActiveCfg = Release|Any CPU
		{0FBF1734-26BE-4B13-AA4B-90AEFFB8FB44}.Release|x64.Build.0 = Release|Any CPU
		{0FBF1734-26BE-4B13-AA4B-90AEFFB8FB44}.Release|x86.ActiveCfg = Release|Any CPU
		{0FBF1734-26BE-4B13-AA4B-90AEFFB8FB44}.Release|x86.Build.0 = Release|Any CPU
	EndGlobalSection
	GlobalSection(SolutionProperties) = preSolution
		HideSolutionNode = FALSE
	EndGlobalSection
	GlobalSection(ExtensibilityGlobals) = postSolution
		SolutionGuid = {C859BC90-1A03-4AF9-96DA-A09F467B7BE0}
	EndGlobalSection
EndGlobal
